// !$*UTF8*$!
{
	archiveVersion = 1;
	classes = {
	};
	objectVersion = 48;
	objects = {

/* Begin PBXBuildFile section */
		357C34FA04A801E54F7E7D02 /* Pods_cryptotracker.framework in Frameworks */ = {isa = PBXBuildFile; fileRef = 38F3BF238CC2172050617C71 /* Pods_cryptotracker.framework */; };
		4F144BE382EE694A7056A8E8 /* QuartzCore.framework in Frameworks */ = {isa = PBXBuildFile; fileRef = 8DB2B241746E7BBF4D191A17 /* QuartzCore.framework */; };
		5228BB352C2C7C33ED4078B8 /* CoreVideo.framework in Frameworks */ = {isa = PBXBuildFile; fileRef = 4C70EBDD0C35E50F82DD785B /* CoreVideo.framework */; };
		6CB9A8091FF18E809FC0E8FA /* AVFoundation.framework in Frameworks */ = {isa = PBXBuildFile; fileRef = AD2F5562B1905F4533D7B0F4 /* AVFoundation.framework */; };
		7138AE40998FCFF49FB8F573 /* CoreMedia.framework in Frameworks */ = {isa = PBXBuildFile; fileRef = 3AD40868434584409D363815 /* CoreMedia.framework */; };
		72371EE2310E5162D6B1EE12 /* SystemConfiguration.framework in Frameworks */ = {isa = PBXBuildFile; fileRef = 4B326BCF8FE46957DD6D9024 /* SystemConfiguration.framework */; };
		97D75A31F06F2858C4A8B1B0 /* CoreText.framework in Frameworks */ = {isa = PBXBuildFile; fileRef = D43AA027DEBC81BACACA8A5C /* CoreText.framework */; };
		980910722008674E0003A4E6 /* TradeCell.xib in Resources */ = {isa = PBXBuildFile; fileRef = 980910712008674E0003A4E6 /* TradeCell.xib */; };
		98091074200869050003A4E6 /* TradeCell.swift in Sources */ = {isa = PBXBuildFile; fileRef = 98091073200869050003A4E6 /* TradeCell.swift */; };
		980EF16A2008350B001731E5 /* MarketDataPageViewController.swift in Sources */ = {isa = PBXBuildFile; fileRef = 980EF1692008350B001731E5 /* MarketDataPageViewController.swift */; };
		9817F51E2006F0B700E3065E /* Trade.swift in Sources */ = {isa = PBXBuildFile; fileRef = 9817F51D2006F0B700E3065E /* Trade.swift */; };
		983F85C82002FAD60096D268 /* AppDelegate.swift in Sources */ = {isa = PBXBuildFile; fileRef = 983F85C72002FAD60096D268 /* AppDelegate.swift */; };
		983F85CA2002FAD60096D268 /* HomeViewController.swift in Sources */ = {isa = PBXBuildFile; fileRef = 983F85C92002FAD60096D268 /* HomeViewController.swift */; };
		983F85CD2002FAD60096D268 /* Main.storyboard in Resources */ = {isa = PBXBuildFile; fileRef = 983F85CB2002FAD60096D268 /* Main.storyboard */; };
		983F85CF2002FAD60096D268 /* Assets.xcassets in Resources */ = {isa = PBXBuildFile; fileRef = 983F85CE2002FAD60096D268 /* Assets.xcassets */; };
		983F85D22002FAD60096D268 /* LaunchScreen.storyboard in Resources */ = {isa = PBXBuildFile; fileRef = 983F85D02002FAD60096D268 /* LaunchScreen.storyboard */; };
		983F85DD2002FAD60096D268 /* cryptotrackerTests.swift in Sources */ = {isa = PBXBuildFile; fileRef = 983F85DC2002FAD60096D268 /* cryptotrackerTests.swift */; };
		983F85E82003049B0096D268 /* MarketDataClient.swift in Sources */ = {isa = PBXBuildFile; fileRef = 983F85E72003049B0096D268 /* MarketDataClient.swift */; };
		983F85EA20031D7A0096D268 /* Ticker.swift in Sources */ = {isa = PBXBuildFile; fileRef = 983F85E920031D7A0096D268 /* Ticker.swift */; };
		984D150C20086B3B009B149F /* TradesTableViewController.swift in Sources */ = {isa = PBXBuildFile; fileRef = 984D150B20086B3B009B149F /* TradesTableViewController.swift */; };
		985C85D4200C1BB100661275 /* GraphViewController.swift in Sources */ = {isa = PBXBuildFile; fileRef = 985C85D3200C1BB100661275 /* GraphViewController.swift */; };
		98B0D31D2008578300509275 /* Notification+Extensions.swift in Sources */ = {isa = PBXBuildFile; fileRef = 98B0D31C2008578300509275 /* Notification+Extensions.swift */; };
		98B0D31F20085D9400509275 /* Constants.swift in Sources */ = {isa = PBXBuildFile; fileRef = 98B0D31E20085D9400509275 /* Constants.swift */; };
		9F38B6DF6E12260DB03609A2 /* AssetsLibrary.framework in Frameworks */ = {isa = PBXBuildFile; fileRef = FB918F0904B14A1B9A23F295 /* AssetsLibrary.framework */; };
		AA602253B4870ADA3D56EB24 /* BuddyBuildSDK.framework in Frameworks */ = {isa = PBXBuildFile; fileRef = 05C40BB7C7F8ECFE4C051159 /* BuddyBuildSDK.framework */; };
		BF0E3F6471B0E1BB3B7EEDED /* Pods_cryptotrackerTests.framework in Frameworks */ = {isa = PBXBuildFile; fileRef = AC591923314B814A464D3A21 /* Pods_cryptotrackerTests.framework */; };
		FA57EE28B084EC123B90BA71 /* CoreTelephony.framework in Frameworks */ = {isa = PBXBuildFile; fileRef = 0B05762A7C25A6523EBAC695 /* CoreTelephony.framework */; };
/* End PBXBuildFile section */

/* Begin PBXContainerItemProxy section */
		983F85D92002FAD60096D268 /* PBXContainerItemProxy */ = {
			isa = PBXContainerItemProxy;
			containerPortal = 983F85BC2002FAD50096D268 /* Project object */;
			proxyType = 1;
			remoteGlobalIDString = 983F85C32002FAD50096D268;
			remoteInfo = cryptotracker;
		};
/* End PBXContainerItemProxy section */

/* Begin PBXFileReference section */
		05C40BB7C7F8ECFE4C051159 /* BuddyBuildSDK.framework */ = {isa = PBXFileReference; lastKnownFileType = wrapper.framework; name = BuddyBuildSDK.framework; path = BuddyBuildSDK.framework; sourceTree = "<group>"; };
		0B05762A7C25A6523EBAC695 /* CoreTelephony.framework */ = {isa = PBXFileReference; lastKnownFileType = wrapper.framework; name = CoreTelephony.framework; path = System/Library/Frameworks/CoreTelephony.framework; sourceTree = SDKROOT; };
		20D6E5BB0E3B6F4947541DE5 /* Pods-cryptotracker.debug.xcconfig */ = {isa = PBXFileReference; includeInIndex = 1; lastKnownFileType = text.xcconfig; name = "Pods-cryptotracker.debug.xcconfig"; path = "Pods/Target Support Files/Pods-cryptotracker/Pods-cryptotracker.debug.xcconfig"; sourceTree = "<group>"; };
		38F3BF238CC2172050617C71 /* Pods_cryptotracker.framework */ = {isa = PBXFileReference; explicitFileType = wrapper.framework; includeInIndex = 0; path = Pods_cryptotracker.framework; sourceTree = BUILT_PRODUCTS_DIR; };
		3AD40868434584409D363815 /* CoreMedia.framework */ = {isa = PBXFileReference; lastKnownFileType = wrapper.framework; name = CoreMedia.framework; path = System/Library/Frameworks/CoreMedia.framework; sourceTree = SDKROOT; };
		4B326BCF8FE46957DD6D9024 /* SystemConfiguration.framework */ = {isa = PBXFileReference; lastKnownFileType = wrapper.framework; name = SystemConfiguration.framework; path = System/Library/Frameworks/SystemConfiguration.framework; sourceTree = SDKROOT; };
		4C70EBDD0C35E50F82DD785B /* CoreVideo.framework */ = {isa = PBXFileReference; lastKnownFileType = wrapper.framework; name = CoreVideo.framework; path = System/Library/Frameworks/CoreVideo.framework; sourceTree = SDKROOT; };
		8DB2B241746E7BBF4D191A17 /* QuartzCore.framework */ = {isa = PBXFileReference; lastKnownFileType = wrapper.framework; name = QuartzCore.framework; path = System/Library/Frameworks/QuartzCore.framework; sourceTree = SDKROOT; };
		980910712008674E0003A4E6 /* TradeCell.xib */ = {isa = PBXFileReference; lastKnownFileType = file.xib; path = TradeCell.xib; sourceTree = "<group>"; };
		98091073200869050003A4E6 /* TradeCell.swift */ = {isa = PBXFileReference; lastKnownFileType = sourcecode.swift; path = TradeCell.swift; sourceTree = "<group>"; };
		980EF1692008350B001731E5 /* MarketDataPageViewController.swift */ = {isa = PBXFileReference; lastKnownFileType = sourcecode.swift; path = MarketDataPageViewController.swift; sourceTree = "<group>"; };
		9817F51D2006F0B700E3065E /* Trade.swift */ = {isa = PBXFileReference; lastKnownFileType = sourcecode.swift; path = Trade.swift; sourceTree = "<group>"; };
		983F85C42002FAD50096D268 /* cryptotracker.app */ = {isa = PBXFileReference; explicitFileType = wrapper.application; includeInIndex = 0; path = cryptotracker.app; sourceTree = BUILT_PRODUCTS_DIR; };
		983F85C72002FAD60096D268 /* AppDelegate.swift */ = {isa = PBXFileReference; lastKnownFileType = sourcecode.swift; path = AppDelegate.swift; sourceTree = "<group>"; };
		983F85C92002FAD60096D268 /* HomeViewController.swift */ = {isa = PBXFileReference; lastKnownFileType = sourcecode.swift; path = HomeViewController.swift; sourceTree = "<group>"; };
		983F85CC2002FAD60096D268 /* Base */ = {isa = PBXFileReference; lastKnownFileType = file.storyboard; name = Base; path = Base.lproj/Main.storyboard; sourceTree = "<group>"; };
		983F85CE2002FAD60096D268 /* Assets.xcassets */ = {isa = PBXFileReference; lastKnownFileType = folder.assetcatalog; path = Assets.xcassets; sourceTree = "<group>"; };
		983F85D12002FAD60096D268 /* Base */ = {isa = PBXFileReference; lastKnownFileType = file.storyboard; name = Base; path = Base.lproj/LaunchScreen.storyboard; sourceTree = "<group>"; };
		983F85D32002FAD60096D268 /* Info.plist */ = {isa = PBXFileReference; lastKnownFileType = text.plist.xml; path = Info.plist; sourceTree = "<group>"; };
		983F85D82002FAD60096D268 /* cryptotrackerTests.xctest */ = {isa = PBXFileReference; explicitFileType = wrapper.cfbundle; includeInIndex = 0; path = cryptotrackerTests.xctest; sourceTree = BUILT_PRODUCTS_DIR; };
		983F85DC2002FAD60096D268 /* cryptotrackerTests.swift */ = {isa = PBXFileReference; lastKnownFileType = sourcecode.swift; path = cryptotrackerTests.swift; sourceTree = "<group>"; };
		983F85DE2002FAD60096D268 /* Info.plist */ = {isa = PBXFileReference; lastKnownFileType = text.plist.xml; path = Info.plist; sourceTree = "<group>"; };
		983F85E72003049B0096D268 /* MarketDataClient.swift */ = {isa = PBXFileReference; lastKnownFileType = sourcecode.swift; path = MarketDataClient.swift; sourceTree = "<group>"; };
		983F85E920031D7A0096D268 /* Ticker.swift */ = {isa = PBXFileReference; lastKnownFileType = sourcecode.swift; path = Ticker.swift; sourceTree = "<group>"; };
		984D150B20086B3B009B149F /* TradesTableViewController.swift */ = {isa = PBXFileReference; lastKnownFileType = sourcecode.swift; path = TradesTableViewController.swift; sourceTree = "<group>"; };
		985C85D3200C1BB100661275 /* GraphViewController.swift */ = {isa = PBXFileReference; lastKnownFileType = sourcecode.swift; path = GraphViewController.swift; sourceTree = "<group>"; };
		98B0D31C2008578300509275 /* Notification+Extensions.swift */ = {isa = PBXFileReference; lastKnownFileType = sourcecode.swift; path = "Notification+Extensions.swift"; sourceTree = "<group>"; };
		98B0D31E20085D9400509275 /* Constants.swift */ = {isa = PBXFileReference; lastKnownFileType = sourcecode.swift; path = Constants.swift; sourceTree = "<group>"; };
		AC591923314B814A464D3A21 /* Pods_cryptotrackerTests.framework */ = {isa = PBXFileReference; explicitFileType = wrapper.framework; includeInIndex = 0; path = Pods_cryptotrackerTests.framework; sourceTree = BUILT_PRODUCTS_DIR; };
		AD2F5562B1905F4533D7B0F4 /* AVFoundation.framework */ = {isa = PBXFileReference; lastKnownFileType = wrapper.framework; name = AVFoundation.framework; path = System/Library/Frameworks/AVFoundation.framework; sourceTree = SDKROOT; };
		AD4F412CC5A38658472AF9D4 /* Bridging-Header.h */ = {isa = PBXFileReference; includeInIndex = 1; lastKnownFileType = sourcecode.c.h; path = "Bridging-Header.h"; sourceTree = "<group>"; };
		D43AA027DEBC81BACACA8A5C /* CoreText.framework */ = {isa = PBXFileReference; lastKnownFileType = wrapper.framework; name = CoreText.framework; path = System/Library/Frameworks/CoreText.framework; sourceTree = SDKROOT; };
		DB7EC8E9721441E4681F9322 /* Pods-cryptotracker.release.xcconfig */ = {isa = PBXFileReference; includeInIndex = 1; lastKnownFileType = text.xcconfig; name = "Pods-cryptotracker.release.xcconfig"; path = "Pods/Target Support Files/Pods-cryptotracker/Pods-cryptotracker.release.xcconfig"; sourceTree = "<group>"; };
		EA71012980CBBEF203595198 /* Pods-cryptotrackerTests.release.xcconfig */ = {isa = PBXFileReference; includeInIndex = 1; lastKnownFileType = text.xcconfig; name = "Pods-cryptotrackerTests.release.xcconfig"; path = "Pods/Target Support Files/Pods-cryptotrackerTests/Pods-cryptotrackerTests.release.xcconfig"; sourceTree = "<group>"; };
		FA295984AA3F8763C96C2994 /* Pods-cryptotrackerTests.debug.xcconfig */ = {isa = PBXFileReference; includeInIndex = 1; lastKnownFileType = text.xcconfig; name = "Pods-cryptotrackerTests.debug.xcconfig"; path = "Pods/Target Support Files/Pods-cryptotrackerTests/Pods-cryptotrackerTests.debug.xcconfig"; sourceTree = "<group>"; };
		FB918F0904B14A1B9A23F295 /* AssetsLibrary.framework */ = {isa = PBXFileReference; lastKnownFileType = wrapper.framework; name = AssetsLibrary.framework; path = System/Library/Frameworks/AssetsLibrary.framework; sourceTree = SDKROOT; };
/* End PBXFileReference section */

/* Begin PBXFrameworksBuildPhase section */
		983F85C12002FAD50096D268 /* Frameworks */ = {
			isa = PBXFrameworksBuildPhase;
			buildActionMask = 2147483647;
			files = (
				357C34FA04A801E54F7E7D02 /* Pods_cryptotracker.framework in Frameworks */,
				AA602253B4870ADA3D56EB24 /* BuddyBuildSDK.framework in Frameworks */,
				9F38B6DF6E12260DB03609A2 /* AssetsLibrary.framework in Frameworks */,
				97D75A31F06F2858C4A8B1B0 /* CoreText.framework in Frameworks */,
				FA57EE28B084EC123B90BA71 /* CoreTelephony.framework in Frameworks */,
				72371EE2310E5162D6B1EE12 /* SystemConfiguration.framework in Frameworks */,
				4F144BE382EE694A7056A8E8 /* QuartzCore.framework in Frameworks */,
				6CB9A8091FF18E809FC0E8FA /* AVFoundation.framework in Frameworks */,
				7138AE40998FCFF49FB8F573 /* CoreMedia.framework in Frameworks */,
				5228BB352C2C7C33ED4078B8 /* CoreVideo.framework in Frameworks */,
			);
			runOnlyForDeploymentPostprocessing = 0;
		};
		983F85D52002FAD60096D268 /* Frameworks */ = {
			isa = PBXFrameworksBuildPhase;
			buildActionMask = 2147483647;
			files = (
				BF0E3F6471B0E1BB3B7EEDED /* Pods_cryptotrackerTests.framework in Frameworks */,
			);
			runOnlyForDeploymentPostprocessing = 0;
		};
/* End PBXFrameworksBuildPhase section */

/* Begin PBXGroup section */
		1C5BBE91B201B21B5CD087EF /* Frameworks */ = {
			isa = PBXGroup;
			children = (
				38F3BF238CC2172050617C71 /* Pods_cryptotracker.framework */,
				AC591923314B814A464D3A21 /* Pods_cryptotrackerTests.framework */,
				05C40BB7C7F8ECFE4C051159 /* BuddyBuildSDK.framework */,
				FB918F0904B14A1B9A23F295 /* AssetsLibrary.framework */,
				D43AA027DEBC81BACACA8A5C /* CoreText.framework */,
				0B05762A7C25A6523EBAC695 /* CoreTelephony.framework */,
				4B326BCF8FE46957DD6D9024 /* SystemConfiguration.framework */,
				8DB2B241746E7BBF4D191A17 /* QuartzCore.framework */,
				AD2F5562B1905F4533D7B0F4 /* AVFoundation.framework */,
				3AD40868434584409D363815 /* CoreMedia.framework */,
				4C70EBDD0C35E50F82DD785B /* CoreVideo.framework */,
			);
			name = Frameworks;
			sourceTree = "<group>";
		};
		69AE9C86B9C076B3D5310A06 /* Pods */ = {
			isa = PBXGroup;
			children = (
				20D6E5BB0E3B6F4947541DE5 /* Pods-cryptotracker.debug.xcconfig */,
				DB7EC8E9721441E4681F9322 /* Pods-cryptotracker.release.xcconfig */,
				FA295984AA3F8763C96C2994 /* Pods-cryptotrackerTests.debug.xcconfig */,
				EA71012980CBBEF203595198 /* Pods-cryptotrackerTests.release.xcconfig */,
			);
			name = Pods;
			sourceTree = "<group>";
		};
		983F85BB2002FAD50096D268 = {
			isa = PBXGroup;
			children = (
				983F85C62002FAD50096D268 /* cryptotracker */,
				983F85DB2002FAD60096D268 /* cryptotrackerTests */,
				983F85C52002FAD50096D268 /* Products */,
				69AE9C86B9C076B3D5310A06 /* Pods */,
				1C5BBE91B201B21B5CD087EF /* Frameworks */,
				AD4F412CC5A38658472AF9D4 /* Bridging-Header.h */,
			);
			sourceTree = "<group>";
		};
		983F85C52002FAD50096D268 /* Products */ = {
			isa = PBXGroup;
			children = (
				983F85C42002FAD50096D268 /* cryptotracker.app */,
				983F85D82002FAD60096D268 /* cryptotrackerTests.xctest */,
			);
			name = Products;
			sourceTree = "<group>";
		};
		983F85C62002FAD50096D268 /* cryptotracker */ = {
			isa = PBXGroup;
			children = (
				983F85C72002FAD60096D268 /* AppDelegate.swift */,
				983F85C92002FAD60096D268 /* HomeViewController.swift */,
				983F85CB2002FAD60096D268 /* Main.storyboard */,
				983F85CE2002FAD60096D268 /* Assets.xcassets */,
				983F85D02002FAD60096D268 /* LaunchScreen.storyboard */,
				983F85D32002FAD60096D268 /* Info.plist */,
				983F85E72003049B0096D268 /* MarketDataClient.swift */,
				983F85E920031D7A0096D268 /* Ticker.swift */,
				9817F51D2006F0B700E3065E /* Trade.swift */,
				980EF1692008350B001731E5 /* MarketDataPageViewController.swift */,
				98B0D31C2008578300509275 /* Notification+Extensions.swift */,
				98B0D31E20085D9400509275 /* Constants.swift */,
				980910712008674E0003A4E6 /* TradeCell.xib */,
				98091073200869050003A4E6 /* TradeCell.swift */,
				984D150B20086B3B009B149F /* TradesTableViewController.swift */,
				985C85D3200C1BB100661275 /* GraphViewController.swift */,
			);
			path = cryptotracker;
			sourceTree = "<group>";
		};
		983F85DB2002FAD60096D268 /* cryptotrackerTests */ = {
			isa = PBXGroup;
			children = (
				983F85DC2002FAD60096D268 /* cryptotrackerTests.swift */,
				983F85DE2002FAD60096D268 /* Info.plist */,
			);
			path = cryptotrackerTests;
			sourceTree = "<group>";
		};
/* End PBXGroup section */

/* Begin PBXNativeTarget section */
		983F85C32002FAD50096D268 /* cryptotracker */ = {
			isa = PBXNativeTarget;
			buildConfigurationList = 983F85E12002FAD60096D268 /* Build configuration list for PBXNativeTarget "cryptotracker" */;
			buildPhases = (
				A92C84F5DDC92A8456FB6D7D /* [CP] Check Pods Manifest.lock */,
				983F85C02002FAD50096D268 /* Sources */,
				983F85C12002FAD50096D268 /* Frameworks */,
				983F85C22002FAD50096D268 /* Resources */,
				F6E087E3D7A5C9C4150BD834 /* [CP] Embed Pods Frameworks */,
				10710635EA871E7E0BA82426 /* [CP] Copy Pods Resources */,
			);
			buildRules = (
			);
			dependencies = (
			);
			name = cryptotracker;
			productName = cryptotracker;
			productReference = 983F85C42002FAD50096D268 /* cryptotracker.app */;
			productType = "com.apple.product-type.application";
		};
		983F85D72002FAD60096D268 /* cryptotrackerTests */ = {
			isa = PBXNativeTarget;
			buildConfigurationList = 983F85E42002FAD60096D268 /* Build configuration list for PBXNativeTarget "cryptotrackerTests" */;
			buildPhases = (
				6DC067301064B86C45D53775 /* [CP] Check Pods Manifest.lock */,
				983F85D42002FAD60096D268 /* Sources */,
				983F85D52002FAD60096D268 /* Frameworks */,
				983F85D62002FAD60096D268 /* Resources */,
				0D686DD5D8AA5D0177F97779 /* [CP] Embed Pods Frameworks */,
				9209E4AE0C027DED6A540F34 /* [CP] Copy Pods Resources */,
			);
			buildRules = (
			);
			dependencies = (
				983F85DA2002FAD60096D268 /* PBXTargetDependency */,
			);
			name = cryptotrackerTests;
			productName = cryptotrackerTests;
			productReference = 983F85D82002FAD60096D268 /* cryptotrackerTests.xctest */;
			productType = "com.apple.product-type.bundle.unit-test";
		};
/* End PBXNativeTarget section */

/* Begin PBXProject section */
		983F85BC2002FAD50096D268 /* Project object */ = {
			isa = PBXProject;
			attributes = {
				LastSwiftUpdateCheck = 0920;
				LastUpgradeCheck = 0920;
				ORGANIZATIONNAME = marcexmachina;
				TargetAttributes = {
					983F85C32002FAD50096D268 = {
						CreatedOnToolsVersion = 9.2;
						ProvisioningStyle = Automatic;
					};
					983F85D72002FAD60096D268 = {
						CreatedOnToolsVersion = 9.2;
						ProvisioningStyle = Automatic;
						TestTargetID = 983F85C32002FAD50096D268;
					};
				};
			};
			buildConfigurationList = 983F85BF2002FAD50096D268 /* Build configuration list for PBXProject "cryptotracker" */;
			compatibilityVersion = "Xcode 8.0";
			developmentRegion = en;
			hasScannedForEncodings = 0;
			knownRegions = (
				en,
				Base,
			);
			mainGroup = 983F85BB2002FAD50096D268;
			productRefGroup = 983F85C52002FAD50096D268 /* Products */;
			projectDirPath = "";
			projectRoot = "";
			targets = (
				983F85C32002FAD50096D268 /* cryptotracker */,
				983F85D72002FAD60096D268 /* cryptotrackerTests */,
			);
		};
/* End PBXProject section */

/* Begin PBXResourcesBuildPhase section */
		983F85C22002FAD50096D268 /* Resources */ = {
			isa = PBXResourcesBuildPhase;
			buildActionMask = 2147483647;
			files = (
				983F85D22002FAD60096D268 /* LaunchScreen.storyboard in Resources */,
				983F85CF2002FAD60096D268 /* Assets.xcassets in Resources */,
				980910722008674E0003A4E6 /* TradeCell.xib in Resources */,
				983F85CD2002FAD60096D268 /* Main.storyboard in Resources */,
			);
			runOnlyForDeploymentPostprocessing = 0;
		};
		983F85D62002FAD60096D268 /* Resources */ = {
			isa = PBXResourcesBuildPhase;
			buildActionMask = 2147483647;
			files = (
			);
			runOnlyForDeploymentPostprocessing = 0;
		};
/* End PBXResourcesBuildPhase section */

/* Begin PBXShellScriptBuildPhase section */
		0D686DD5D8AA5D0177F97779 /* [CP] Embed Pods Frameworks */ = {
			isa = PBXShellScriptBuildPhase;
			buildActionMask = 2147483647;
			files = (
			);
			inputPaths = (
			);
			name = "[CP] Embed Pods Frameworks";
			outputPaths = (
			);
			runOnlyForDeploymentPostprocessing = 0;
			shellPath = /bin/sh;
			shellScript = "\"${SRCROOT}/Pods/Target Support Files/Pods-cryptotrackerTests/Pods-cryptotrackerTests-frameworks.sh\"\n";
			showEnvVarsInLog = 0;
		};
		10710635EA871E7E0BA82426 /* [CP] Copy Pods Resources */ = {
			isa = PBXShellScriptBuildPhase;
			buildActionMask = 2147483647;
			files = (
			);
			inputPaths = (
			);
			name = "[CP] Copy Pods Resources";
			outputPaths = (
			);
			runOnlyForDeploymentPostprocessing = 0;
			shellPath = /bin/sh;
			shellScript = "\"${SRCROOT}/Pods/Target Support Files/Pods-cryptotracker/Pods-cryptotracker-resources.sh\"\n";
			showEnvVarsInLog = 0;
		};
		6DC067301064B86C45D53775 /* [CP] Check Pods Manifest.lock */ = {
			isa = PBXShellScriptBuildPhase;
			buildActionMask = 2147483647;
			files = (
			);
			inputPaths = (
			);
			name = "[CP] Check Pods Manifest.lock";
			outputPaths = (
			);
			runOnlyForDeploymentPostprocessing = 0;
			shellPath = /bin/sh;
			shellScript = "diff \"${PODS_ROOT}/../Podfile.lock\" \"${PODS_ROOT}/Manifest.lock\" > /dev/null\nif [ $? != 0 ] ; then\n    # print error to STDERR\n    echo \"error: The sandbox is not in sync with the Podfile.lock. Run 'pod install' or update your CocoaPods installation.\" >&2\n    exit 1\nfi\n";
			showEnvVarsInLog = 0;
		};
		9209E4AE0C027DED6A540F34 /* [CP] Copy Pods Resources */ = {
			isa = PBXShellScriptBuildPhase;
			buildActionMask = 2147483647;
			files = (
			);
			inputPaths = (
			);
			name = "[CP] Copy Pods Resources";
			outputPaths = (
			);
			runOnlyForDeploymentPostprocessing = 0;
			shellPath = /bin/sh;
			shellScript = "\"${SRCROOT}/Pods/Target Support Files/Pods-cryptotrackerTests/Pods-cryptotrackerTests-resources.sh\"\n";
			showEnvVarsInLog = 0;
		};
		A92C84F5DDC92A8456FB6D7D /* [CP] Check Pods Manifest.lock */ = {
			isa = PBXShellScriptBuildPhase;
			buildActionMask = 2147483647;
			files = (
			);
			inputPaths = (
			);
			name = "[CP] Check Pods Manifest.lock";
			outputPaths = (
			);
			runOnlyForDeploymentPostprocessing = 0;
			shellPath = /bin/sh;
			shellScript = "diff \"${PODS_ROOT}/../Podfile.lock\" \"${PODS_ROOT}/Manifest.lock\" > /dev/null\nif [ $? != 0 ] ; then\n    # print error to STDERR\n    echo \"error: The sandbox is not in sync with the Podfile.lock. Run 'pod install' or update your CocoaPods installation.\" >&2\n    exit 1\nfi\n";
			showEnvVarsInLog = 0;
		};
		F6E087E3D7A5C9C4150BD834 /* [CP] Embed Pods Frameworks */ = {
			isa = PBXShellScriptBuildPhase;
			buildActionMask = 2147483647;
			files = (
			);
			inputPaths = (
			);
			name = "[CP] Embed Pods Frameworks";
			outputPaths = (
			);
			runOnlyForDeploymentPostprocessing = 0;
			shellPath = /bin/sh;
			shellScript = "\"${SRCROOT}/Pods/Target Support Files/Pods-cryptotracker/Pods-cryptotracker-frameworks.sh\"\n";
			showEnvVarsInLog = 0;
		};
/* End PBXShellScriptBuildPhase section */

/* Begin PBXSourcesBuildPhase section */
		983F85C02002FAD50096D268 /* Sources */ = {
			isa = PBXSourcesBuildPhase;
			buildActionMask = 2147483647;
			files = (
				9817F51E2006F0B700E3065E /* Trade.swift in Sources */,
				983F85CA2002FAD60096D268 /* HomeViewController.swift in Sources */,
				983F85E82003049B0096D268 /* MarketDataClient.swift in Sources */,
				98B0D31D2008578300509275 /* Notification+Extensions.swift in Sources */,
				984D150C20086B3B009B149F /* TradesTableViewController.swift in Sources */,
				98091074200869050003A4E6 /* TradeCell.swift in Sources */,
				980EF16A2008350B001731E5 /* MarketDataPageViewController.swift in Sources */,
				983F85EA20031D7A0096D268 /* Ticker.swift in Sources */,
				985C85D4200C1BB100661275 /* GraphViewController.swift in Sources */,
				983F85C82002FAD60096D268 /* AppDelegate.swift in Sources */,
				98B0D31F20085D9400509275 /* Constants.swift in Sources */,
			);
			runOnlyForDeploymentPostprocessing = 0;
		};
		983F85D42002FAD60096D268 /* Sources */ = {
			isa = PBXSourcesBuildPhase;
			buildActionMask = 2147483647;
			files = (
				983F85DD2002FAD60096D268 /* cryptotrackerTests.swift in Sources */,
			);
			runOnlyForDeploymentPostprocessing = 0;
		};
/* End PBXSourcesBuildPhase section */

/* Begin PBXTargetDependency section */
		983F85DA2002FAD60096D268 /* PBXTargetDependency */ = {
			isa = PBXTargetDependency;
			target = 983F85C32002FAD50096D268 /* cryptotracker */;
			targetProxy = 983F85D92002FAD60096D268 /* PBXContainerItemProxy */;
		};
/* End PBXTargetDependency section */

/* Begin PBXVariantGroup section */
		983F85CB2002FAD60096D268 /* Main.storyboard */ = {
			isa = PBXVariantGroup;
			children = (
				983F85CC2002FAD60096D268 /* Base */,
			);
			name = Main.storyboard;
			sourceTree = "<group>";
		};
		983F85D02002FAD60096D268 /* LaunchScreen.storyboard */ = {
			isa = PBXVariantGroup;
			children = (
				983F85D12002FAD60096D268 /* Base */,
			);
			name = LaunchScreen.storyboard;
			sourceTree = "<group>";
		};
/* End PBXVariantGroup section */

/* Begin XCBuildConfiguration section */
		983F85DF2002FAD60096D268 /* Debug */ = {
			isa = XCBuildConfiguration;
			buildSettings = {
				ALWAYS_SEARCH_USER_PATHS = NO;
				CLANG_ANALYZER_NONNULL = YES;
				CLANG_ANALYZER_NUMBER_OBJECT_CONVERSION = YES_AGGRESSIVE;
				CLANG_CXX_LANGUAGE_STANDARD = "gnu++14";
				CLANG_CXX_LIBRARY = "libc++";
				CLANG_ENABLE_MODULES = YES;
				CLANG_ENABLE_OBJC_ARC = YES;
				CLANG_WARN_BLOCK_CAPTURE_AUTORELEASING = YES;
				CLANG_WARN_BOOL_CONVERSION = YES;
				CLANG_WARN_COMMA = YES;
				CLANG_WARN_CONSTANT_CONVERSION = YES;
				CLANG_WARN_DIRECT_OBJC_ISA_USAGE = YES_ERROR;
				CLANG_WARN_DOCUMENTATION_COMMENTS = YES;
				CLANG_WARN_EMPTY_BODY = YES;
				CLANG_WARN_ENUM_CONVERSION = YES;
				CLANG_WARN_INFINITE_RECURSION = YES;
				CLANG_WARN_INT_CONVERSION = YES;
				CLANG_WARN_NON_LITERAL_NULL_CONVERSION = YES;
				CLANG_WARN_OBJC_LITERAL_CONVERSION = YES;
				CLANG_WARN_OBJC_ROOT_CLASS = YES_ERROR;
				CLANG_WARN_RANGE_LOOP_ANALYSIS = YES;
				CLANG_WARN_STRICT_PROTOTYPES = YES;
				CLANG_WARN_SUSPICIOUS_MOVE = YES;
				CLANG_WARN_UNGUARDED_AVAILABILITY = YES_AGGRESSIVE;
				CLANG_WARN_UNREACHABLE_CODE = YES;
				CLANG_WARN__DUPLICATE_METHOD_MATCH = YES;
				CODE_SIGN_IDENTITY = "iPhone Developer";
				COPY_PHASE_STRIP = NO;
				DEBUG_INFORMATION_FORMAT = dwarf;
				ENABLE_STRICT_OBJC_MSGSEND = YES;
				ENABLE_TESTABILITY = YES;
				GCC_C_LANGUAGE_STANDARD = gnu11;
				GCC_DYNAMIC_NO_PIC = NO;
				GCC_NO_COMMON_BLOCKS = YES;
				GCC_OPTIMIZATION_LEVEL = 0;
				GCC_PREPROCESSOR_DEFINITIONS = (
					"DEBUG=1",
					"$(inherited)",
				);
				GCC_WARN_64_TO_32_BIT_CONVERSION = YES;
				GCC_WARN_ABOUT_RETURN_TYPE = YES_ERROR;
				GCC_WARN_UNDECLARED_SELECTOR = YES;
				GCC_WARN_UNINITIALIZED_AUTOS = YES_AGGRESSIVE;
				GCC_WARN_UNUSED_FUNCTION = YES;
				GCC_WARN_UNUSED_VARIABLE = YES;
				IPHONEOS_DEPLOYMENT_TARGET = 11.2;
				MTL_ENABLE_DEBUG_INFO = YES;
				ONLY_ACTIVE_ARCH = YES;
				SDKROOT = iphoneos;
				SWIFT_ACTIVE_COMPILATION_CONDITIONS = DEBUG;
				SWIFT_OPTIMIZATION_LEVEL = "-Onone";
			};
			name = Debug;
		};
		983F85E02002FAD60096D268 /* Release */ = {
			isa = XCBuildConfiguration;
			buildSettings = {
				ALWAYS_SEARCH_USER_PATHS = NO;
				CLANG_ANALYZER_NONNULL = YES;
				CLANG_ANALYZER_NUMBER_OBJECT_CONVERSION = YES_AGGRESSIVE;
				CLANG_CXX_LANGUAGE_STANDARD = "gnu++14";
				CLANG_CXX_LIBRARY = "libc++";
				CLANG_ENABLE_MODULES = YES;
				CLANG_ENABLE_OBJC_ARC = YES;
				CLANG_WARN_BLOCK_CAPTURE_AUTORELEASING = YES;
				CLANG_WARN_BOOL_CONVERSION = YES;
				CLANG_WARN_COMMA = YES;
				CLANG_WARN_CONSTANT_CONVERSION = YES;
				CLANG_WARN_DIRECT_OBJC_ISA_USAGE = YES_ERROR;
				CLANG_WARN_DOCUMENTATION_COMMENTS = YES;
				CLANG_WARN_EMPTY_BODY = YES;
				CLANG_WARN_ENUM_CONVERSION = YES;
				CLANG_WARN_INFINITE_RECURSION = YES;
				CLANG_WARN_INT_CONVERSION = YES;
				CLANG_WARN_NON_LITERAL_NULL_CONVERSION = YES;
				CLANG_WARN_OBJC_LITERAL_CONVERSION = YES;
				CLANG_WARN_OBJC_ROOT_CLASS = YES_ERROR;
				CLANG_WARN_RANGE_LOOP_ANALYSIS = YES;
				CLANG_WARN_STRICT_PROTOTYPES = YES;
				CLANG_WARN_SUSPICIOUS_MOVE = YES;
				CLANG_WARN_UNGUARDED_AVAILABILITY = YES_AGGRESSIVE;
				CLANG_WARN_UNREACHABLE_CODE = YES;
				CLANG_WARN__DUPLICATE_METHOD_MATCH = YES;
				CODE_SIGN_IDENTITY = "iPhone Developer";
				COPY_PHASE_STRIP = NO;
				DEBUG_INFORMATION_FORMAT = "dwarf-with-dsym";
				ENABLE_NS_ASSERTIONS = NO;
				ENABLE_STRICT_OBJC_MSGSEND = YES;
				GCC_C_LANGUAGE_STANDARD = gnu11;
				GCC_NO_COMMON_BLOCKS = YES;
				GCC_WARN_64_TO_32_BIT_CONVERSION = YES;
				GCC_WARN_ABOUT_RETURN_TYPE = YES_ERROR;
				GCC_WARN_UNDECLARED_SELECTOR = YES;
				GCC_WARN_UNINITIALIZED_AUTOS = YES_AGGRESSIVE;
				GCC_WARN_UNUSED_FUNCTION = YES;
				GCC_WARN_UNUSED_VARIABLE = YES;
				IPHONEOS_DEPLOYMENT_TARGET = 11.2;
				MTL_ENABLE_DEBUG_INFO = NO;
				SDKROOT = iphoneos;
				SWIFT_OPTIMIZATION_LEVEL = "-Owholemodule";
				VALIDATE_PRODUCT = YES;
			};
			name = Release;
		};
		983F85E22002FAD60096D268 /* Debug */ = {
			isa = XCBuildConfiguration;
			baseConfigurationReference = 20D6E5BB0E3B6F4947541DE5 /* Pods-cryptotracker.debug.xcconfig */;
			buildSettings = {
				ASSETCATALOG_COMPILER_APPICON_NAME = AppIcon;
				CODE_SIGN_STYLE = Automatic;
				DEVELOPMENT_TEAM = WEXR3T62Q9;
				FRAMEWORK_SEARCH_PATHS = (
					"$(inherited)",
					"$(PROJECT_DIR)",
				);
				INFOPLIST_FILE = cryptotracker/Info.plist;
				LD_RUNPATH_SEARCH_PATHS = "$(inherited) @executable_path/Frameworks";
				PRODUCT_BUNDLE_IDENTIFIER = com.marcexmachina.cryptotracker;
				PRODUCT_NAME = "$(TARGET_NAME)";
				SWIFT_OBJC_BRIDGING_HEADER = "Bridging-Header.h";
				SWIFT_VERSION = 4.0;
				TARGETED_DEVICE_FAMILY = "1,2";
			};
			name = Debug;
		};
		983F85E32002FAD60096D268 /* Release */ = {
			isa = XCBuildConfiguration;
			baseConfigurationReference = DB7EC8E9721441E4681F9322 /* Pods-cryptotracker.release.xcconfig */;
			buildSettings = {
				ASSETCATALOG_COMPILER_APPICON_NAME = AppIcon;
				CODE_SIGN_STYLE = Automatic;
				DEVELOPMENT_TEAM = WEXR3T62Q9;
				FRAMEWORK_SEARCH_PATHS = (
					"$(inherited)",
					"$(PROJECT_DIR)",
				);
				INFOPLIST_FILE = cryptotracker/Info.plist;
				LD_RUNPATH_SEARCH_PATHS = "$(inherited) @executable_path/Frameworks";
				PRODUCT_BUNDLE_IDENTIFIER = com.marcexmachina.cryptotracker;
				PRODUCT_NAME = "$(TARGET_NAME)";
				SWIFT_OBJC_BRIDGING_HEADER = "Bridging-Header.h";
				SWIFT_VERSION = 4.0;
				TARGETED_DEVICE_FAMILY = "1,2";
			};
			name = Release;
		};
		983F85E52002FAD60096D268 /* Debug */ = {
			isa = XCBuildConfiguration;
			baseConfigurationReference = FA295984AA3F8763C96C2994 /* Pods-cryptotrackerTests.debug.xcconfig */;
			buildSettings = {
				ALWAYS_EMBED_SWIFT_STANDARD_LIBRARIES = YES;
				BUNDLE_LOADER = "$(TEST_HOST)";
				CODE_SIGN_STYLE = Automatic;
				DEVELOPMENT_TEAM = WEXR3T62Q9;
				INFOPLIST_FILE = cryptotrackerTests/Info.plist;
				LD_RUNPATH_SEARCH_PATHS = "$(inherited) @executable_path/Frameworks @loader_path/Frameworks";
				PRODUCT_BUNDLE_IDENTIFIER = com.marcexmachina.cryptotrackerTests;
				PRODUCT_NAME = "$(TARGET_NAME)";
				SWIFT_VERSION = 4.0;
				TARGETED_DEVICE_FAMILY = "1,2";
				TEST_HOST = "$(BUILT_PRODUCTS_DIR)/cryptotracker.app/cryptotracker";
			};
			name = Debug;
		};
		983F85E62002FAD60096D268 /* Release */ = {
			isa = XCBuildConfiguration;
			baseConfigurationReference = EA71012980CBBEF203595198 /* Pods-cryptotrackerTests.release.xcconfig */;
			buildSettings = {
				ALWAYS_EMBED_SWIFT_STANDARD_LIBRARIES = YES;
				BUNDLE_LOADER = "$(TEST_HOST)";
				CODE_SIGN_STYLE = Automatic;
				DEVELOPMENT_TEAM = WEXR3T62Q9;
				INFOPLIST_FILE = cryptotrackerTests/Info.plist;
				LD_RUNPATH_SEARCH_PATHS = "$(inherited) @executable_path/Frameworks @loader_path/Frameworks";
				PRODUCT_BUNDLE_IDENTIFIER = com.marcexmachina.cryptotrackerTests;
				PRODUCT_NAME = "$(TARGET_NAME)";
				SWIFT_VERSION = 4.0;
				TARGETED_DEVICE_FAMILY = "1,2";
				TEST_HOST = "$(BUILT_PRODUCTS_DIR)/cryptotracker.app/cryptotracker";
			};
			name = Release;
		};
/* End XCBuildConfiguration section */

/* Begin XCConfigurationList section */
		983F85BF2002FAD50096D268 /* Build configuration list for PBXProject "cryptotracker" */ = {
			isa = XCConfigurationList;
			buildConfigurations = (
				983F85DF2002FAD60096D268 /* Debug */,
				983F85E02002FAD60096D268 /* Release */,
			);
			defaultConfigurationIsVisible = 0;
			defaultConfigurationName = Release;
		};
		983F85E12002FAD60096D268 /* Build configuration list for PBXNativeTarget "cryptotracker" */ = {
			isa = XCConfigurationList;
			buildConfigurations = (
				983F85E22002FAD60096D268 /* Debug */,
				983F85E32002FAD60096D268 /* Release */,
			);
			defaultConfigurationIsVisible = 0;
			defaultConfigurationName = Release;
		};
		983F85E42002FAD60096D268 /* Build configuration list for PBXNativeTarget "cryptotrackerTests" */ = {
			isa = XCConfigurationList;
			buildConfigurations = (
				983F85E52002FAD60096D268 /* Debug */,
				983F85E62002FAD60096D268 /* Release */,
			);
			defaultConfigurationIsVisible = 0;
			defaultConfigurationName = Release;
		};
/* End XCConfigurationList section */
	};
	rootObject = 983F85BC2002FAD50096D268 /* Project object */;
}
